
Microsoft Visual Studio Solution File, Format Version 12.00
# Visual Studio Version 17
VisualStudioVersion = 17.9.34728.123
MinimumVisualStudioVersion = 10.0.40219.1
Project("{FAE04EC0-301F-11D3-BF4B-00C04F79EFBC}") = "ToDo.API", "ToDo.API.csproj", "{388DB1CC-C1D7-47B7-ABD5-2B29816C9C6E}"
EndProject
Global
	GlobalSection(SolutionConfigurationPlatforms) = preSolution
		Debug|Any CPU = Debug|Any CPU
		Release|Any CPU = Release|Any CPU
	EndGlobalSection
	GlobalSection(ProjectConfigurationPlatforms) = postSolution
		{388DB1CC-C1D7-47B7-ABD5-2B29816C9C6E}.Debug|Any CPU.ActiveCfg = Debug|Any CPU
		{388DB1CC-C1D7-47B7-ABD5-2B29816C9C6E}.Debug|Any CPU.Build.0 = Debug|Any CPU
		{388DB1CC-C1D7-47B7-ABD5-2B29816C9C6E}.Release|Any CPU.ActiveCfg = Release|Any CPU
		{388DB1CC-C1D7-47B7-ABD5-2B29816C9C6E}.Release|Any CPU.Build.0 = Release|Any CPU
	EndGlobalSection
	GlobalSection(SolutionProperties) = preSolution
		HideSolutionNode = FALSE
	EndGlobalSection
	GlobalSection(ExtensibilityGlobals) = postSolution
		SolutionGuid = {0C0959B3-A536-4BD1-A1A3-A5C942A7E673}
	EndGlobalSection
EndGlobal
